
Microsoft Visual Studio Solution File, Format Version 12.00
# Visual Studio Version 17
VisualStudioVersion = 17.0.31903.59
MinimumVisualStudioVersion = 10.0.40219.1
Project("{FAE04EC0-301F-11D3-BF4B-00C04F79EFBC}") = "Compass_Overlay", "Compass_Overlay\Compass_Overlay.csproj", "{8EB70FC0-B40C-4815-A527-F4179163598A}"
EndProject
Global
	GlobalSection(SolutionConfigurationPlatforms) = preSolution
		Debug|Any CPU = Debug|Any CPU
		Release|Any CPU = Release|Any CPU
	EndGlobalSection
	GlobalSection(ProjectConfigurationPlatforms) = postSolution
		{8EB70FC0-B40C-4815-A527-F4179163598A}.Debug|Any CPU.ActiveCfg = Debug|Any CPU
		{8EB70FC0-B40C-4815-A527-F4179163598A}.Debug|Any CPU.Build.0 = Debug|Any CPU
		{8EB70FC0-B40C-4815-A527-F4179163598A}.Release|Any CPU.ActiveCfg = Release|Any CPU
		{8EB70FC0-B40C-4815-A527-F4179163598A}.Release|Any CPU.Build.0 = Release|Any CPU
	EndGlobalSection
	GlobalSection(SolutionProperties) = preSolution
		HideSolutionNode = FALSE
	EndGlobalSection
	GlobalSection(ExtensibilityGlobals) = postSolution
		SolutionGuid = {924966A2-B464-45C7-9B39-B1B494917138}
	EndGlobalSection
EndGlobal
